
Microsoft Visual Studio Solution File, Format Version 12.00
#
Project("{FAE04EC0-301F-11D3-BF4B-00C04F79EFBC}") = "Api", "Api\Api.csproj", "{3CEABA8D-82C4-471F-A259-A89028A62CAD}"
EndProject
Project("{FAE04EC0-301F-11D3-BF4B-00C04F79EFBC}") = "Data", "Data\Data.csproj", "{C1A67914-8E96-4872-BEC6-523C9963E611}"
EndProject
Project("{FAE04EC0-301F-11D3-BF4B-00C04F79EFBC}") = "Share", "Share\Share.csproj", "{38A22EF3-ECB3-4C78-B1AF-621CFB691825}"
EndProject
Global
	GlobalSection(SolutionConfigurationPlatforms) = preSolution
		Debug|Any CPU = Debug|Any CPU
		Release|Any CPU = Release|Any CPU
	EndGlobalSection
	GlobalSection(ProjectConfigurationPlatforms) = postSolution
		{3CEABA8D-82C4-471F-A259-A89028A62CAD}.Debug|Any CPU.ActiveCfg = Debug|Any CPU
		{3CEABA8D-82C4-471F-A259-A89028A62CAD}.Debug|Any CPU.Build.0 = Debug|Any CPU
		{3CEABA8D-82C4-471F-A259-A89028A62CAD}.Release|Any CPU.ActiveCfg = Release|Any CPU
		{3CEABA8D-82C4-471F-A259-A89028A62CAD}.Release|Any CPU.Build.0 = Release|Any CPU
		{C1A67914-8E96-4872-BEC6-523C9963E611}.Debug|Any CPU.ActiveCfg = Debug|Any CPU
		{C1A67914-8E96-4872-BEC6-523C9963E611}.Debug|Any CPU.Build.0 = Debug|Any CPU
		{C1A67914-8E96-4872-BEC6-523C9963E611}.Release|Any CPU.ActiveCfg = Release|Any CPU
		{C1A67914-8E96-4872-BEC6-523C9963E611}.Release|Any CPU.Build.0 = Release|Any CPU
		{38A22EF3-ECB3-4C78-B1AF-621CFB691825}.Debug|Any CPU.ActiveCfg = Debug|Any CPU
		{38A22EF3-ECB3-4C78-B1AF-621CFB691825}.Debug|Any CPU.Build.0 = Debug|Any CPU
		{38A22EF3-ECB3-4C78-B1AF-621CFB691825}.Release|Any CPU.ActiveCfg = Release|Any CPU
		{38A22EF3-ECB3-4C78-B1AF-621CFB691825}.Release|Any CPU.Build.0 = Release|Any CPU
	EndGlobalSection
EndGlobal
